// !$*UTF8*$!
{
	archiveVersion = 1;
	classes = {
	};
	objectVersion = 46;
	objects = {

/* Begin PBXBuildFile section */
		7F46DD851CBF15E800A92E8C /* AppDelegate.swift in Sources */ = {isa = PBXBuildFile; fileRef = 7F46DD841CBF15E800A92E8C /* AppDelegate.swift */; };
		7F46DD8A1CBF15E800A92E8C /* Main.storyboard in Resources */ = {isa = PBXBuildFile; fileRef = 7F46DD881CBF15E800A92E8C /* Main.storyboard */; };
		7F46DD8C1CBF15E800A92E8C /* Assets.xcassets in Resources */ = {isa = PBXBuildFile; fileRef = 7F46DD8B1CBF15E800A92E8C /* Assets.xcassets */; };
		7F46DD8F1CBF15E800A92E8C /* LaunchScreen.storyboard in Resources */ = {isa = PBXBuildFile; fileRef = 7F46DD8D1CBF15E800A92E8C /* LaunchScreen.storyboard */; };
		7F46DD971CBF17AF00A92E8C /* RestaurantTableViewController.swift in Sources */ = {isa = PBXBuildFile; fileRef = 7F46DD961CBF17AF00A92E8C /* RestaurantTableViewController.swift */; };
/* End PBXBuildFile section */

/* Begin PBXFileReference section */
		7F46DD811CBF15E800A92E8C /* YumPin.app */ = {isa = PBXFileReference; explicitFileType = wrapper.application; includeInIndex = 0; path = YumPin.app; sourceTree = BUILT_PRODUCTS_DIR; };
		7F46DD841CBF15E800A92E8C /* AppDelegate.swift */ = {isa = PBXFileReference; lastKnownFileType = sourcecode.swift; path = AppDelegate.swift; sourceTree = "<group>"; };
		7F46DD891CBF15E800A92E8C /* Base */ = {isa = PBXFileReference; lastKnownFileType = file.storyboard; name = Base; path = Base.lproj/Main.storyboard; sourceTree = "<group>"; };
		7F46DD8B1CBF15E800A92E8C /* Assets.xcassets */ = {isa = PBXFileReference; lastKnownFileType = folder.assetcatalog; path = Assets.xcassets; sourceTree = "<group>"; };
		7F46DD8E1CBF15E800A92E8C /* Base */ = {isa = PBXFileReference; lastKnownFileType = file.storyboard; name = Base; path = Base.lproj/LaunchScreen.storyboard; sourceTree = "<group>"; };
		7F46DD901CBF15E800A92E8C /* Info.plist */ = {isa = PBXFileReference; lastKnownFileType = text.plist.xml; path = Info.plist; sourceTree = "<group>"; };
		7F46DD961CBF17AF00A92E8C /* RestaurantTableViewController.swift */ = {isa = PBXFileReference; fileEncoding = 4; lastKnownFileType = sourcecode.swift; path = RestaurantTableViewController.swift; sourceTree = "<group>"; };
/* End PBXFileReference section */

/* Begin PBXFrameworksBuildPhase section */
		7F46DD7E1CBF15E800A92E8C /* Frameworks */ = {
			isa = PBXFrameworksBuildPhase;
			buildActionMask = 2147483647;
			files = (
			);
			runOnlyForDeploymentPostprocessing = 0;
		};
/* End PBXFrameworksBuildPhase section */

/* Begin PBXGroup section */
		7F46DD781CBF15E800A92E8C = {
			isa = PBXGroup;
			children = (
				7F46DD831CBF15E800A92E8C /* YumPin */,
				7F46DD821CBF15E800A92E8C /* Products */,
			);
			sourceTree = "<group>";
		};
		7F46DD821CBF15E800A92E8C /* Products */ = {
			isa = PBXGroup;
			children = (
				7F46DD811CBF15E800A92E8C /* YumPin.app */,
			);
			name = Products;
			sourceTree = "<group>";
		};
		7F46DD831CBF15E800A92E8C /* YumPin */ = {
			isa = PBXGroup;
			children = (
				7F46DD841CBF15E800A92E8C /* AppDelegate.swift */,
				7F46DD961CBF17AF00A92E8C /* RestaurantTableViewController.swift */,
				7F46DD881CBF15E800A92E8C /* Main.storyboard */,
				7F46DD8B1CBF15E800A92E8C /* Assets.xcassets */,
				7F46DD8D1CBF15E800A92E8C /* LaunchScreen.storyboard */,
				7F46DD901CBF15E800A92E8C /* Info.plist */,
			);
			path = YumPin;
			sourceTree = "<group>";
		};
/* End PBXGroup section */

/* Begin PBXNativeTarget section */
		7F46DD801CBF15E800A92E8C /* YumPin */ = {
			isa = PBXNativeTarget;
			buildConfigurationList = 7F46DD931CBF15E800A92E8C /* Build configuration list for PBXNativeTarget "YumPin" */;
			buildPhases = (
				7F46DD7D1CBF15E800A92E8C /* Sources */,
				7F46DD7E1CBF15E800A92E8C /* Frameworks */,
				7F46DD7F1CBF15E800A92E8C /* Resources */,
			);
			buildRules = (
			);
			dependencies = (
			);
			name = YumPin;
			productName = YumPin;
			productReference = 7F46DD811CBF15E800A92E8C /* YumPin.app */;
			productType = "com.apple.product-type.application";
		};
/* End PBXNativeTarget section */

/* Begin PBXProject section */
		7F46DD791CBF15E800A92E8C /* Project object */ = {
			isa = PBXProject;
			attributes = {
				LastSwiftUpdateCheck = 0720;
				LastUpgradeCheck = 0720;
				ORGANIZATIONNAME = DeAnza;
				TargetAttributes = {
					7F46DD801CBF15E800A92E8C = {
						CreatedOnToolsVersion = 7.2;
						DevelopmentTeam = RZ2DT6A2TM;
					};
				};
			};
			buildConfigurationList = 7F46DD7C1CBF15E800A92E8C /* Build configuration list for PBXProject "YumPin" */;
			compatibilityVersion = "Xcode 3.2";
			developmentRegion = English;
			hasScannedForEncodings = 0;
			knownRegions = (
				en,
				Base,
			);
			mainGroup = 7F46DD781CBF15E800A92E8C;
			productRefGroup = 7F46DD821CBF15E800A92E8C /* Products */;
			projectDirPath = "";
			projectRoot = "";
			targets = (
				7F46DD801CBF15E800A92E8C /* YumPin */,
			);
		};
/* End PBXProject section */

/* Begin PBXResourcesBuildPhase section */
		7F46DD7F1CBF15E800A92E8C /* Resources */ = {
			isa = PBXResourcesBuildPhase;
			buildActionMask = 2147483647;
			files = (
				7F46DD8F1CBF15E800A92E8C /* LaunchScreen.storyboard in Resources */,
				7F46DD8C1CBF15E800A92E8C /* Assets.xcassets in Resources */,
				7F46DD8A1CBF15E800A92E8C /* Main.storyboard in Resources */,
			);
			runOnlyForDeploymentPostprocessing = 0;
		};
/* End PBXResourcesBuildPhase section */

/* Begin PBXSourcesBuildPhase section */
		7F46DD7D1CBF15E800A92E8C /* Sources */ = {
			isa = PBXSourcesBuildPhase;
			buildActionMask = 2147483647;
			files = (
				7F46DD971CBF17AF00A92E8C /* RestaurantTableViewController.swift in Sources */,
				7F46DD851CBF15E800A92E8C /* AppDelegate.swift in Sources */,
			);
			runOnlyForDeploymentPostprocessing = 0;
		};
/* End PBXSourcesBuildPhase section */

/* Begin PBXVariantGroup section */
		7F46DD881CBF15E800A92E8C /* Main.storyboard */ = {
			isa = PBXVariantGroup;
			children = (
				7F46DD891CBF15E800A92E8C /* Base */,
			);
			name = Main.storyboard;
			sourceTree = "<group>";
		};
		7F46DD8D1CBF15E800A92E8C /* LaunchScreen.storyboard */ = {
			isa = PBXVariantGroup;
			children = (
				7F46DD8E1CBF15E800A92E8C /* Base */,
			);
			name = LaunchScreen.storyboard;
			sourceTree = "<group>";
		};
/* End PBXVariantGroup section */

/* Begin XCBuildConfiguration section */
		7F46DD911CBF15E800A92E8C /* Debug */ = {
			isa = XCBuildConfiguration;
			buildSettings = {
				ALWAYS_SEARCH_USER_PATHS = NO;
				CLANG_CXX_LANGUAGE_STANDARD = "gnu++0x";
				CLANG_CXX_LIBRARY = "libc++";
				CLANG_ENABLE_MODULES = YES;
				CLANG_ENABLE_OBJC_ARC = YES;
				CLANG_WARN_BOOL_CONVERSION = YES;
				CLANG_WARN_CONSTANT_CONVERSION = YES;
				CLANG_WARN_DIRECT_OBJC_ISA_USAGE = YES_ERROR;
				CLANG_WARN_EMPTY_BODY = YES;
				CLANG_WARN_ENUM_CONVERSION = YES;
				CLANG_WARN_INT_CONVERSION = YES;
				CLANG_WARN_OBJC_ROOT_CLASS = YES_ERROR;
				CLANG_WARN_UNREACHABLE_CODE = YES;
				CLANG_WARN__DUPLICATE_METHOD_MATCH = YES;
				"CODE_SIGN_IDENTITY[sdk=iphoneos*]" = "iPhone Developer";
				COPY_PHASE_STRIP = NO;
				DEBUG_INFORMATION_FORMAT = dwarf;
				ENABLE_STRICT_OBJC_MSGSEND = YES;
				ENABLE_TESTABILITY = YES;
				GCC_C_LANGUAGE_STANDARD = gnu99;
				GCC_DYNAMIC_NO_PIC = NO;
				GCC_NO_COMMON_BLOCKS = YES;
				GCC_OPTIMIZATION_LEVEL = 0;
				GCC_PREPROCESSOR_DEFINITIONS = (
					"DEBUG=1",
					"$(inherited)",
				);
				GCC_WARN_64_TO_32_BIT_CONVERSION = YES;
				GCC_WARN_ABOUT_RETURN_TYPE = YES_ERROR;
				GCC_WARN_UNDECLARED_SELECTOR = YES;
				GCC_WARN_UNINITIALIZED_AUTOS = YES_AGGRESSIVE;
				GCC_WARN_UNUSED_FUNCTION = YES;
				GCC_WARN_UNUSED_VARIABLE = YES;
				IPHONEOS_DEPLOYMENT_TARGET = 9.2;
				MTL_ENABLE_DEBUG_INFO = YES;
				ONLY_ACTIVE_ARCH = YES;
				SDKROOT = iphoneos;
				SWIFT_OPTIMIZATION_LEVEL = "-Onone";
			};
			name = Debug;
		};
		7F46DD921CBF15E800A92E8C /* Release */ = {
			isa = XCBuildConfiguration;
			buildSettings = {
				ALWAYS_SEARCH_USER_PATHS = NO;
				CLANG_CXX_LANGUAGE_STANDARD = "gnu++0x";
				CLANG_CXX_LIBRARY = "libc++";
				CLANG_ENABLE_MODULES = YES;
				CLANG_ENABLE_OBJC_ARC = YES;
				CLANG_WARN_BOOL_CONVERSION = YES;
				CLANG_WARN_CONSTANT_CONVERSION = YES;
				CLANG_WARN_DIRECT_OBJC_ISA_USAGE = YES_ERROR;
				CLANG_WARN_EMPTY_BODY = YES;
				CLANG_WARN_ENUM_CONVERSION = YES;
				CLANG_WARN_INT_CONVERSION = YES;
				CLANG_WARN_OBJC_ROOT_CLASS = YES_ERROR;
				CLANG_WARN_UNREACHABLE_CODE = YES;
				CLANG_WARN__DUPLICATE_METHOD_MATCH = YES;
				"CODE_SIGN_IDENTITY[sdk=iphoneos*]" = "iPhone Developer";
				COPY_PHASE_STRIP = NO;
				DEBUG_INFORMATION_FORMAT = "dwarf-with-dsym";
				ENABLE_NS_ASSERTIONS = NO;
				ENABLE_STRICT_OBJC_MSGSEND = YES;
				GCC_C_LANGUAGE_STANDARD = gnu99;
				GCC_NO_COMMON_BLOCKS = YES;
				GCC_WARN_64_TO_32_BIT_CONVERSION = YES;
				GCC_WARN_ABOUT_RETURN_TYPE = YES_ERROR;
				GCC_WARN_UNDECLARED_SELECTOR = YES;
				GCC_WARN_UNINITIALIZED_AUTOS = YES_AGGRESSIVE;
				GCC_WARN_UNUSED_FUNCTION = YES;
				GCC_WARN_UNUSED_VARIABLE = YES;
				IPHONEOS_DEPLOYMENT_TARGET = 9.2;
				MTL_ENABLE_DEBUG_INFO = NO;
				SDKROOT = iphoneos;
				VALIDATE_PRODUCT = YES;
			};
			name = Release;
		};
		7F46DD941CBF15E800A92E8C /* Debug */ = {
			isa = XCBuildConfiguration;
			buildSettings = {
				ASSETCATALOG_COMPILER_APPICON_NAME = AppIcon;
				INFOPLIST_FILE = YumPin/Info.plist;
				LD_RUNPATH_SEARCH_PATHS = "$(inherited) @executable_path/Frameworks";
				PRODUCT_BUNDLE_IDENTIFIER = edu.deanza.mtso.YumPin;
				PRODUCT_NAME = "$(TARGET_NAME)";
			};
			name = Debug;
		};
		7F46DD951CBF15E800A92E8C /* Release */ = {
			isa = XCBuildConfiguration;
			buildSettings = {
				ASSETCATALOG_COMPILER_APPICON_NAME = AppIcon;
				INFOPLIST_FILE = YumPin/Info.plist;
				LD_RUNPATH_SEARCH_PATHS = "$(inherited) @executable_path/Frameworks";
				PRODUCT_BUNDLE_IDENTIFIER = edu.deanza.mtso.YumPin;
				PRODUCT_NAME = "$(TARGET_NAME)";
			};
			name = Release;
		};
/* End XCBuildConfiguration section */

/* Begin XCConfigurationList section */
		7F46DD7C1CBF15E800A92E8C /* Build configuration list for PBXProject "YumPin" */ = {
			isa = XCConfigurationList;
			buildConfigurations = (
				7F46DD911CBF15E800A92E8C /* Debug */,
				7F46DD921CBF15E800A92E8C /* Release */,
			);
			defaultConfigurationIsVisible = 0;
			defaultConfigurationName = Release;
		};
		7F46DD931CBF15E800A92E8C /* Build configuration list for PBXNativeTarget "YumPin" */ = {
			isa = XCConfigurationList;
			buildConfigurations = (
				7F46DD941CBF15E800A92E8C /* Debug */,
				7F46DD951CBF15E800A92E8C /* Release */,
			);
			defaultConfigurationIsVisible = 0;
		};
/* End XCConfigurationList section */
	};
	rootObject = 7F46DD791CBF15E800A92E8C /* Project object */;
}
