// !$*UTF8*$!
{
	archiveVersion = 1;
	classes = {
	};
	objectVersion = 46;
	objects = {

/* Begin PBXBuildFile section */
		7F854CEA1D092708005C5024 /* AppDelegate.swift in Sources */ = {isa = PBXBuildFile; fileRef = 7F854CE91D092708005C5024 /* AppDelegate.swift */; };
		7F854CEC1D092708005C5024 /* ViewController.swift in Sources */ = {isa = PBXBuildFile; fileRef = 7F854CEB1D092708005C5024 /* ViewController.swift */; };
		7F854CEF1D092708005C5024 /* Main.storyboard in Resources */ = {isa = PBXBuildFile; fileRef = 7F854CED1D092708005C5024 /* Main.storyboard */; };
		7F854CF11D092708005C5024 /* Assets.xcassets in Resources */ = {isa = PBXBuildFile; fileRef = 7F854CF01D092708005C5024 /* Assets.xcassets */; };
		7F854CF41D092708005C5024 /* LaunchScreen.storyboard in Resources */ = {isa = PBXBuildFile; fileRef = 7F854CF21D092708005C5024 /* LaunchScreen.storyboard */; };
		7F854CFC1D092A7F005C5024 /* CoreLocation.framework in Frameworks */ = {isa = PBXBuildFile; fileRef = 7F854CFB1D092A7F005C5024 /* CoreLocation.framework */; };
		7F854CFE1D092A84005C5024 /* MapKit.framework in Frameworks */ = {isa = PBXBuildFile; fileRef = 7F854CFD1D092A84005C5024 /* MapKit.framework */; };
/* End PBXBuildFile section */

/* Begin PBXFileReference section */
		7F854CE61D092708005C5024 /* SimpleMapView-Lecture.app */ = {isa = PBXFileReference; explicitFileType = wrapper.application; includeInIndex = 0; path = "SimpleMapView-Lecture.app"; sourceTree = BUILT_PRODUCTS_DIR; };
		7F854CE91D092708005C5024 /* AppDelegate.swift */ = {isa = PBXFileReference; lastKnownFileType = sourcecode.swift; path = AppDelegate.swift; sourceTree = "<group>"; };
		7F854CEB1D092708005C5024 /* ViewController.swift */ = {isa = PBXFileReference; lastKnownFileType = sourcecode.swift; path = ViewController.swift; sourceTree = "<group>"; };
		7F854CEE1D092708005C5024 /* Base */ = {isa = PBXFileReference; lastKnownFileType = file.storyboard; name = Base; path = Base.lproj/Main.storyboard; sourceTree = "<group>"; };
		7F854CF01D092708005C5024 /* Assets.xcassets */ = {isa = PBXFileReference; lastKnownFileType = folder.assetcatalog; path = Assets.xcassets; sourceTree = "<group>"; };
		7F854CF31D092708005C5024 /* Base */ = {isa = PBXFileReference; lastKnownFileType = file.storyboard; name = Base; path = Base.lproj/LaunchScreen.storyboard; sourceTree = "<group>"; };
		7F854CF51D092708005C5024 /* Info.plist */ = {isa = PBXFileReference; lastKnownFileType = text.plist.xml; path = Info.plist; sourceTree = "<group>"; };
		7F854CFB1D092A7F005C5024 /* CoreLocation.framework */ = {isa = PBXFileReference; lastKnownFileType = wrapper.framework; name = CoreLocation.framework; path = System/Library/Frameworks/CoreLocation.framework; sourceTree = SDKROOT; };
		7F854CFD1D092A84005C5024 /* MapKit.framework */ = {isa = PBXFileReference; lastKnownFileType = wrapper.framework; name = MapKit.framework; path = System/Library/Frameworks/MapKit.framework; sourceTree = SDKROOT; };
/* End PBXFileReference section */

/* Begin PBXFrameworksBuildPhase section */
		7F854CE31D092708005C5024 /* Frameworks */ = {
			isa = PBXFrameworksBuildPhase;
			buildActionMask = 2147483647;
			files = (
				7F854CFE1D092A84005C5024 /* MapKit.framework in Frameworks */,
				7F854CFC1D092A7F005C5024 /* CoreLocation.framework in Frameworks */,
			);
			runOnlyForDeploymentPostprocessing = 0;
		};
/* End PBXFrameworksBuildPhase section */

/* Begin PBXGroup section */
		7F854CDD1D092708005C5024 = {
			isa = PBXGroup;
			children = (
				7F854CFD1D092A84005C5024 /* MapKit.framework */,
				7F854CFB1D092A7F005C5024 /* CoreLocation.framework */,
				7F854CE81D092708005C5024 /* SimpleMapView-Lecture */,
				7F854CE71D092708005C5024 /* Products */,
			);
			sourceTree = "<group>";
		};
		7F854CE71D092708005C5024 /* Products */ = {
			isa = PBXGroup;
			children = (
				7F854CE61D092708005C5024 /* SimpleMapView-Lecture.app */,
			);
			name = Products;
			sourceTree = "<group>";
		};
		7F854CE81D092708005C5024 /* SimpleMapView-Lecture */ = {
			isa = PBXGroup;
			children = (
				7F854CE91D092708005C5024 /* AppDelegate.swift */,
				7F854CEB1D092708005C5024 /* ViewController.swift */,
				7F854CED1D092708005C5024 /* Main.storyboard */,
				7F854CF01D092708005C5024 /* Assets.xcassets */,
				7F854CF21D092708005C5024 /* LaunchScreen.storyboard */,
				7F854CF51D092708005C5024 /* Info.plist */,
			);
			path = "SimpleMapView-Lecture";
			sourceTree = "<group>";
		};
/* End PBXGroup section */

/* Begin PBXNativeTarget section */
		7F854CE51D092708005C5024 /* SimpleMapView-Lecture */ = {
			isa = PBXNativeTarget;
			buildConfigurationList = 7F854CF81D092708005C5024 /* Build configuration list for PBXNativeTarget "SimpleMapView-Lecture" */;
			buildPhases = (
				7F854CE21D092708005C5024 /* Sources */,
				7F854CE31D092708005C5024 /* Frameworks */,
				7F854CE41D092708005C5024 /* Resources */,
			);
			buildRules = (
			);
			dependencies = (
			);
			name = "SimpleMapView-Lecture";
			productName = "SimpleMapView-Lecture";
			productReference = 7F854CE61D092708005C5024 /* SimpleMapView-Lecture.app */;
			productType = "com.apple.product-type.application";
		};
/* End PBXNativeTarget section */

/* Begin PBXProject section */
		7F854CDE1D092708005C5024 /* Project object */ = {
			isa = PBXProject;
			attributes = {
				LastSwiftUpdateCheck = 0720;
				LastUpgradeCheck = 0720;
				ORGANIZATIONNAME = "De Anza";
				TargetAttributes = {
					7F854CE51D092708005C5024 = {
						CreatedOnToolsVersion = 7.2;
					};
				};
			};
			buildConfigurationList = 7F854CE11D092708005C5024 /* Build configuration list for PBXProject "SimpleMapView-Lecture" */;
			compatibilityVersion = "Xcode 3.2";
			developmentRegion = English;
			hasScannedForEncodings = 0;
			knownRegions = (
				en,
				Base,
			);
			mainGroup = 7F854CDD1D092708005C5024;
			productRefGroup = 7F854CE71D092708005C5024 /* Products */;
			projectDirPath = "";
			projectRoot = "";
			targets = (
				7F854CE51D092708005C5024 /* SimpleMapView-Lecture */,
			);
		};
/* End PBXProject section */

/* Begin PBXResourcesBuildPhase section */
		7F854CE41D092708005C5024 /* Resources */ = {
			isa = PBXResourcesBuildPhase;
			buildActionMask = 2147483647;
			files = (
				7F854CF41D092708005C5024 /* LaunchScreen.storyboard in Resources */,
				7F854CF11D092708005C5024 /* Assets.xcassets in Resources */,
				7F854CEF1D092708005C5024 /* Main.storyboard in Resources */,
			);
			runOnlyForDeploymentPostprocessing = 0;
		};
/* End PBXResourcesBuildPhase section */

/* Begin PBXSourcesBuildPhase section */
		7F854CE21D092708005C5024 /* Sources */ = {
			isa = PBXSourcesBuildPhase;
			buildActionMask = 2147483647;
			files = (
				7F854CEC1D092708005C5024 /* ViewController.swift in Sources */,
				7F854CEA1D092708005C5024 /* AppDelegate.swift in Sources */,
			);
			runOnlyForDeploymentPostprocessing = 0;
		};
/* End PBXSourcesBuildPhase section */

/* Begin PBXVariantGroup section */
		7F854CED1D092708005C5024 /* Main.storyboard */ = {
			isa = PBXVariantGroup;
			children = (
				7F854CEE1D092708005C5024 /* Base */,
			);
			name = Main.storyboard;
			sourceTree = "<group>";
		};
		7F854CF21D092708005C5024 /* LaunchScreen.storyboard */ = {
			isa = PBXVariantGroup;
			children = (
				7F854CF31D092708005C5024 /* Base */,
			);
			name = LaunchScreen.storyboard;
			sourceTree = "<group>";
		};
/* End PBXVariantGroup section */

/* Begin XCBuildConfiguration section */
		7F854CF61D092708005C5024 /* Debug */ = {
			isa = XCBuildConfiguration;
			buildSettings = {
				ALWAYS_SEARCH_USER_PATHS = NO;
				CLANG_CXX_LANGUAGE_STANDARD = "gnu++0x";
				CLANG_CXX_LIBRARY = "libc++";
				CLANG_ENABLE_MODULES = YES;
				CLANG_ENABLE_OBJC_ARC = YES;
				CLANG_WARN_BOOL_CONVERSION = YES;
				CLANG_WARN_CONSTANT_CONVERSION = YES;
				CLANG_WARN_DIRECT_OBJC_ISA_USAGE = YES_ERROR;
				CLANG_WARN_EMPTY_BODY = YES;
				CLANG_WARN_ENUM_CONVERSION = YES;
				CLANG_WARN_INT_CONVERSION = YES;
				CLANG_WARN_OBJC_ROOT_CLASS = YES_ERROR;
				CLANG_WARN_UNREACHABLE_CODE = YES;
				CLANG_WARN__DUPLICATE_METHOD_MATCH = YES;
				"CODE_SIGN_IDENTITY[sdk=iphoneos*]" = "iPhone Developer";
				COPY_PHASE_STRIP = NO;
				DEBUG_INFORMATION_FORMAT = dwarf;
				ENABLE_STRICT_OBJC_MSGSEND = YES;
				ENABLE_TESTABILITY = YES;
				GCC_C_LANGUAGE_STANDARD = gnu99;
				GCC_DYNAMIC_NO_PIC = NO;
				GCC_NO_COMMON_BLOCKS = YES;
				GCC_OPTIMIZATION_LEVEL = 0;
				GCC_PREPROCESSOR_DEFINITIONS = (
					"DEBUG=1",
					"$(inherited)",
				);
				GCC_WARN_64_TO_32_BIT_CONVERSION = YES;
				GCC_WARN_ABOUT_RETURN_TYPE = YES_ERROR;
				GCC_WARN_UNDECLARED_SELECTOR = YES;
				GCC_WARN_UNINITIALIZED_AUTOS = YES_AGGRESSIVE;
				GCC_WARN_UNUSED_FUNCTION = YES;
				GCC_WARN_UNUSED_VARIABLE = YES;
				IPHONEOS_DEPLOYMENT_TARGET = 9.2;
				MTL_ENABLE_DEBUG_INFO = YES;
				ONLY_ACTIVE_ARCH = YES;
				SDKROOT = iphoneos;
				SWIFT_OPTIMIZATION_LEVEL = "-Onone";
			};
			name = Debug;
		};
		7F854CF71D092708005C5024 /* Release */ = {
			isa = XCBuildConfiguration;
			buildSettings = {
				ALWAYS_SEARCH_USER_PATHS = NO;
				CLANG_CXX_LANGUAGE_STANDARD = "gnu++0x";
				CLANG_CXX_LIBRARY = "libc++";
				CLANG_ENABLE_MODULES = YES;
				CLANG_ENABLE_OBJC_ARC = YES;
				CLANG_WARN_BOOL_CONVERSION = YES;
				CLANG_WARN_CONSTANT_CONVERSION = YES;
				CLANG_WARN_DIRECT_OBJC_ISA_USAGE = YES_ERROR;
				CLANG_WARN_EMPTY_BODY = YES;
				CLANG_WARN_ENUM_CONVERSION = YES;
				CLANG_WARN_INT_CONVERSION = YES;
				CLANG_WARN_OBJC_ROOT_CLASS = YES_ERROR;
				CLANG_WARN_UNREACHABLE_CODE = YES;
				CLANG_WARN__DUPLICATE_METHOD_MATCH = YES;
				"CODE_SIGN_IDENTITY[sdk=iphoneos*]" = "iPhone Developer";
				COPY_PHASE_STRIP = NO;
				DEBUG_INFORMATION_FORMAT = "dwarf-with-dsym";
				ENABLE_NS_ASSERTIONS = NO;
				ENABLE_STRICT_OBJC_MSGSEND = YES;
				GCC_C_LANGUAGE_STANDARD = gnu99;
				GCC_NO_COMMON_BLOCKS = YES;
				GCC_WARN_64_TO_32_BIT_CONVERSION = YES;
				GCC_WARN_ABOUT_RETURN_TYPE = YES_ERROR;
				GCC_WARN_UNDECLARED_SELECTOR = YES;
				GCC_WARN_UNINITIALIZED_AUTOS = YES_AGGRESSIVE;
				GCC_WARN_UNUSED_FUNCTION = YES;
				GCC_WARN_UNUSED_VARIABLE = YES;
				IPHONEOS_DEPLOYMENT_TARGET = 9.2;
				MTL_ENABLE_DEBUG_INFO = NO;
				SDKROOT = iphoneos;
				VALIDATE_PRODUCT = YES;
			};
			name = Release;
		};
		7F854CF91D092708005C5024 /* Debug */ = {
			isa = XCBuildConfiguration;
			buildSettings = {
				ASSETCATALOG_COMPILER_APPICON_NAME = AppIcon;
				INFOPLIST_FILE = "SimpleMapView-Lecture/Info.plist";
				LD_RUNPATH_SEARCH_PATHS = "$(inherited) @executable_path/Frameworks";
				PRODUCT_BUNDLE_IDENTIFIER = "edu.deanza.mtso.SimpleMapView-Lecture";
				PRODUCT_NAME = "$(TARGET_NAME)";
			};
			name = Debug;
		};
		7F854CFA1D092708005C5024 /* Release */ = {
			isa = XCBuildConfiguration;
			buildSettings = {
				ASSETCATALOG_COMPILER_APPICON_NAME = AppIcon;
				INFOPLIST_FILE = "SimpleMapView-Lecture/Info.plist";
				LD_RUNPATH_SEARCH_PATHS = "$(inherited) @executable_path/Frameworks";
				PRODUCT_BUNDLE_IDENTIFIER = "edu.deanza.mtso.SimpleMapView-Lecture";
				PRODUCT_NAME = "$(TARGET_NAME)";
			};
			name = Release;
		};
/* End XCBuildConfiguration section */

/* Begin XCConfigurationList section */
		7F854CE11D092708005C5024 /* Build configuration list for PBXProject "SimpleMapView-Lecture" */ = {
			isa = XCConfigurationList;
			buildConfigurations = (
				7F854CF61D092708005C5024 /* Debug */,
				7F854CF71D092708005C5024 /* Release */,
			);
			defaultConfigurationIsVisible = 0;
			defaultConfigurationName = Release;
		};
		7F854CF81D092708005C5024 /* Build configuration list for PBXNativeTarget "SimpleMapView-Lecture" */ = {
			isa = XCConfigurationList;
			buildConfigurations = (
				7F854CF91D092708005C5024 /* Debug */,
				7F854CFA1D092708005C5024 /* Release */,
			);
			defaultConfigurationIsVisible = 0;
		};
/* End XCConfigurationList section */
	};
	rootObject = 7F854CDE1D092708005C5024 /* Project object */;
}
