// !$*UTF8*$!
{
	archiveVersion = 1;
	classes = {
	};
	objectVersion = 46;
	objects = {

/* Begin PBXBuildFile section */
		7F4A53191CC9EC2600643E2F /* PushAnimatedTransitioning.swift in Sources */ = {isa = PBXBuildFile; fileRef = 7F4A53181CC9EC2600643E2F /* PushAnimatedTransitioning.swift */; };
		7F809CA91CCC431700DCF800 /* FormViewController.swift in Sources */ = {isa = PBXBuildFile; fileRef = 7F809CA81CCC431700DCF800 /* FormViewController.swift */; };
		7F809CAB1CCC494E00DCF800 /* DisplayViewControllerExtensions.swift in Sources */ = {isa = PBXBuildFile; fileRef = 7F809CAA1CCC494E00DCF800 /* DisplayViewControllerExtensions.swift */; };
		7F809CAF1CCC4D0A00DCF800 /* PayDataModel.swift in Sources */ = {isa = PBXBuildFile; fileRef = 7F809CAE1CCC4D0A00DCF800 /* PayDataModel.swift */; };
		7F809CB11CCC611E00DCF800 /* DisplayTableViewCell.swift in Sources */ = {isa = PBXBuildFile; fileRef = 7F809CB01CCC611E00DCF800 /* DisplayTableViewCell.swift */; };
		7FB6880C1CC8723F00C82CC1 /* AppDelegate.swift in Sources */ = {isa = PBXBuildFile; fileRef = 7FB6880B1CC8723F00C82CC1 /* AppDelegate.swift */; };
		7FB6880E1CC8723F00C82CC1 /* DisplayViewController.swift in Sources */ = {isa = PBXBuildFile; fileRef = 7FB6880D1CC8723F00C82CC1 /* DisplayViewController.swift */; };
		7FB688111CC8723F00C82CC1 /* Main.storyboard in Resources */ = {isa = PBXBuildFile; fileRef = 7FB6880F1CC8723F00C82CC1 /* Main.storyboard */; };
		7FB688131CC8723F00C82CC1 /* Assets.xcassets in Resources */ = {isa = PBXBuildFile; fileRef = 7FB688121CC8723F00C82CC1 /* Assets.xcassets */; };
		7FB688161CC8723F00C82CC1 /* LaunchScreen.storyboard in Resources */ = {isa = PBXBuildFile; fileRef = 7FB688141CC8723F00C82CC1 /* LaunchScreen.storyboard */; };
/* End PBXBuildFile section */

/* Begin PBXFileReference section */
		7F4A53181CC9EC2600643E2F /* PushAnimatedTransitioning.swift */ = {isa = PBXFileReference; fileEncoding = 4; lastKnownFileType = sourcecode.swift; path = PushAnimatedTransitioning.swift; sourceTree = "<group>"; };
		7F809CA81CCC431700DCF800 /* FormViewController.swift */ = {isa = PBXFileReference; fileEncoding = 4; lastKnownFileType = sourcecode.swift; path = FormViewController.swift; sourceTree = "<group>"; };
		7F809CAA1CCC494E00DCF800 /* DisplayViewControllerExtensions.swift */ = {isa = PBXFileReference; fileEncoding = 4; lastKnownFileType = sourcecode.swift; path = DisplayViewControllerExtensions.swift; sourceTree = "<group>"; };
		7F809CAE1CCC4D0A00DCF800 /* PayDataModel.swift */ = {isa = PBXFileReference; fileEncoding = 4; lastKnownFileType = sourcecode.swift; path = PayDataModel.swift; sourceTree = "<group>"; };
		7F809CB01CCC611E00DCF800 /* DisplayTableViewCell.swift */ = {isa = PBXFileReference; fileEncoding = 4; lastKnownFileType = sourcecode.swift; path = DisplayTableViewCell.swift; sourceTree = "<group>"; };
		7FB688081CC8723F00C82CC1 /* CIS55Lab1C_MatthewTso.app */ = {isa = PBXFileReference; explicitFileType = wrapper.application; includeInIndex = 0; path = CIS55Lab1C_MatthewTso.app; sourceTree = BUILT_PRODUCTS_DIR; };
		7FB6880B1CC8723F00C82CC1 /* AppDelegate.swift */ = {isa = PBXFileReference; lastKnownFileType = sourcecode.swift; path = AppDelegate.swift; sourceTree = "<group>"; };
		7FB6880D1CC8723F00C82CC1 /* DisplayViewController.swift */ = {isa = PBXFileReference; lastKnownFileType = sourcecode.swift; path = DisplayViewController.swift; sourceTree = "<group>"; };
		7FB688101CC8723F00C82CC1 /* Base */ = {isa = PBXFileReference; lastKnownFileType = file.storyboard; name = Base; path = Base.lproj/Main.storyboard; sourceTree = "<group>"; };
		7FB688121CC8723F00C82CC1 /* Assets.xcassets */ = {isa = PBXFileReference; lastKnownFileType = folder.assetcatalog; path = Assets.xcassets; sourceTree = "<group>"; };
		7FB688151CC8723F00C82CC1 /* Base */ = {isa = PBXFileReference; lastKnownFileType = file.storyboard; name = Base; path = Base.lproj/LaunchScreen.storyboard; sourceTree = "<group>"; };
		7FB688171CC8723F00C82CC1 /* Info.plist */ = {isa = PBXFileReference; lastKnownFileType = text.plist.xml; path = Info.plist; sourceTree = "<group>"; };
/* End PBXFileReference section */

/* Begin PBXFrameworksBuildPhase section */
		7FB688051CC8723F00C82CC1 /* Frameworks */ = {
			isa = PBXFrameworksBuildPhase;
			buildActionMask = 2147483647;
			files = (
			);
			runOnlyForDeploymentPostprocessing = 0;
		};
/* End PBXFrameworksBuildPhase section */

/* Begin PBXGroup section */
		7FB687FF1CC8723F00C82CC1 = {
			isa = PBXGroup;
			children = (
				7FB6880A1CC8723F00C82CC1 /* CIS55Lab1C_MatthewTso */,
				7FB688091CC8723F00C82CC1 /* Products */,
			);
			sourceTree = "<group>";
		};
		7FB688091CC8723F00C82CC1 /* Products */ = {
			isa = PBXGroup;
			children = (
				7FB688081CC8723F00C82CC1 /* CIS55Lab1C_MatthewTso.app */,
			);
			name = Products;
			sourceTree = "<group>";
		};
		7FB6880A1CC8723F00C82CC1 /* CIS55Lab1C_MatthewTso */ = {
			isa = PBXGroup;
			children = (
				7FB6880B1CC8723F00C82CC1 /* AppDelegate.swift */,
				7FB6880F1CC8723F00C82CC1 /* Main.storyboard */,
				7FB6880D1CC8723F00C82CC1 /* DisplayViewController.swift */,
				7F809CAA1CCC494E00DCF800 /* DisplayViewControllerExtensions.swift */,
				7F809CA81CCC431700DCF800 /* FormViewController.swift */,
				7F809CB01CCC611E00DCF800 /* DisplayTableViewCell.swift */,
				7F809CAE1CCC4D0A00DCF800 /* PayDataModel.swift */,
				7F4A53181CC9EC2600643E2F /* PushAnimatedTransitioning.swift */,
				7FB688121CC8723F00C82CC1 /* Assets.xcassets */,
				7FB688141CC8723F00C82CC1 /* LaunchScreen.storyboard */,
				7FB688171CC8723F00C82CC1 /* Info.plist */,
			);
			path = CIS55Lab1C_MatthewTso;
			sourceTree = "<group>";
		};
/* End PBXGroup section */

/* Begin PBXNativeTarget section */
		7FB688071CC8723F00C82CC1 /* CIS55Lab1C_MatthewTso */ = {
			isa = PBXNativeTarget;
			buildConfigurationList = 7FB6881A1CC8723F00C82CC1 /* Build configuration list for PBXNativeTarget "CIS55Lab1C_MatthewTso" */;
			buildPhases = (
				7FB688041CC8723F00C82CC1 /* Sources */,
				7FB688051CC8723F00C82CC1 /* Frameworks */,
				7FB688061CC8723F00C82CC1 /* Resources */,
			);
			buildRules = (
			);
			dependencies = (
			);
			name = CIS55Lab1C_MatthewTso;
			productName = CIS55Lab1C_MatthewTso;
			productReference = 7FB688081CC8723F00C82CC1 /* CIS55Lab1C_MatthewTso.app */;
			productType = "com.apple.product-type.application";
		};
/* End PBXNativeTarget section */

/* Begin PBXProject section */
		7FB688001CC8723F00C82CC1 /* Project object */ = {
			isa = PBXProject;
			attributes = {
				LastSwiftUpdateCheck = 0720;
				LastUpgradeCheck = 0720;
				ORGANIZATIONNAME = DeAnza;
				TargetAttributes = {
					7FB688071CC8723F00C82CC1 = {
						CreatedOnToolsVersion = 7.2;
						DevelopmentTeam = 2NKLZJVG9L;
					};
				};
			};
			buildConfigurationList = 7FB688031CC8723F00C82CC1 /* Build configuration list for PBXProject "CIS55Lab1C_MatthewTso" */;
			compatibilityVersion = "Xcode 3.2";
			developmentRegion = English;
			hasScannedForEncodings = 0;
			knownRegions = (
				en,
				Base,
			);
			mainGroup = 7FB687FF1CC8723F00C82CC1;
			productRefGroup = 7FB688091CC8723F00C82CC1 /* Products */;
			projectDirPath = "";
			projectRoot = "";
			targets = (
				7FB688071CC8723F00C82CC1 /* CIS55Lab1C_MatthewTso */,
			);
		};
/* End PBXProject section */

/* Begin PBXResourcesBuildPhase section */
		7FB688061CC8723F00C82CC1 /* Resources */ = {
			isa = PBXResourcesBuildPhase;
			buildActionMask = 2147483647;
			files = (
				7FB688161CC8723F00C82CC1 /* LaunchScreen.storyboard in Resources */,
				7FB688131CC8723F00C82CC1 /* Assets.xcassets in Resources */,
				7FB688111CC8723F00C82CC1 /* Main.storyboard in Resources */,
			);
			runOnlyForDeploymentPostprocessing = 0;
		};
/* End PBXResourcesBuildPhase section */

/* Begin PBXSourcesBuildPhase section */
		7FB688041CC8723F00C82CC1 /* Sources */ = {
			isa = PBXSourcesBuildPhase;
			buildActionMask = 2147483647;
			files = (
				7FB6880E1CC8723F00C82CC1 /* DisplayViewController.swift in Sources */,
				7F809CAF1CCC4D0A00DCF800 /* PayDataModel.swift in Sources */,
				7FB6880C1CC8723F00C82CC1 /* AppDelegate.swift in Sources */,
				7F809CA91CCC431700DCF800 /* FormViewController.swift in Sources */,
				7F809CAB1CCC494E00DCF800 /* DisplayViewControllerExtensions.swift in Sources */,
				7F809CB11CCC611E00DCF800 /* DisplayTableViewCell.swift in Sources */,
				7F4A53191CC9EC2600643E2F /* PushAnimatedTransitioning.swift in Sources */,
			);
			runOnlyForDeploymentPostprocessing = 0;
		};
/* End PBXSourcesBuildPhase section */

/* Begin PBXVariantGroup section */
		7FB6880F1CC8723F00C82CC1 /* Main.storyboard */ = {
			isa = PBXVariantGroup;
			children = (
				7FB688101CC8723F00C82CC1 /* Base */,
			);
			name = Main.storyboard;
			sourceTree = "<group>";
		};
		7FB688141CC8723F00C82CC1 /* LaunchScreen.storyboard */ = {
			isa = PBXVariantGroup;
			children = (
				7FB688151CC8723F00C82CC1 /* Base */,
			);
			name = LaunchScreen.storyboard;
			sourceTree = "<group>";
		};
/* End PBXVariantGroup section */

/* Begin XCBuildConfiguration section */
		7FB688181CC8723F00C82CC1 /* Debug */ = {
			isa = XCBuildConfiguration;
			buildSettings = {
				ALWAYS_SEARCH_USER_PATHS = NO;
				CLANG_CXX_LANGUAGE_STANDARD = "gnu++0x";
				CLANG_CXX_LIBRARY = "libc++";
				CLANG_ENABLE_MODULES = YES;
				CLANG_ENABLE_OBJC_ARC = YES;
				CLANG_WARN_BOOL_CONVERSION = YES;
				CLANG_WARN_CONSTANT_CONVERSION = YES;
				CLANG_WARN_DIRECT_OBJC_ISA_USAGE = YES_ERROR;
				CLANG_WARN_EMPTY_BODY = YES;
				CLANG_WARN_ENUM_CONVERSION = YES;
				CLANG_WARN_INT_CONVERSION = YES;
				CLANG_WARN_OBJC_ROOT_CLASS = YES_ERROR;
				CLANG_WARN_UNREACHABLE_CODE = YES;
				CLANG_WARN__DUPLICATE_METHOD_MATCH = YES;
				"CODE_SIGN_IDENTITY[sdk=iphoneos*]" = "iPhone Developer";
				COPY_PHASE_STRIP = NO;
				DEBUG_INFORMATION_FORMAT = dwarf;
				ENABLE_STRICT_OBJC_MSGSEND = YES;
				ENABLE_TESTABILITY = YES;
				GCC_C_LANGUAGE_STANDARD = gnu99;
				GCC_DYNAMIC_NO_PIC = NO;
				GCC_NO_COMMON_BLOCKS = YES;
				GCC_OPTIMIZATION_LEVEL = 0;
				GCC_PREPROCESSOR_DEFINITIONS = (
					"DEBUG=1",
					"$(inherited)",
				);
				GCC_WARN_64_TO_32_BIT_CONVERSION = YES;
				GCC_WARN_ABOUT_RETURN_TYPE = YES_ERROR;
				GCC_WARN_UNDECLARED_SELECTOR = YES;
				GCC_WARN_UNINITIALIZED_AUTOS = YES_AGGRESSIVE;
				GCC_WARN_UNUSED_FUNCTION = YES;
				GCC_WARN_UNUSED_VARIABLE = YES;
				IPHONEOS_DEPLOYMENT_TARGET = 9.2;
				MTL_ENABLE_DEBUG_INFO = YES;
				ONLY_ACTIVE_ARCH = YES;
				SDKROOT = iphoneos;
				SWIFT_OPTIMIZATION_LEVEL = "-Onone";
			};
			name = Debug;
		};
		7FB688191CC8723F00C82CC1 /* Release */ = {
			isa = XCBuildConfiguration;
			buildSettings = {
				ALWAYS_SEARCH_USER_PATHS = NO;
				CLANG_CXX_LANGUAGE_STANDARD = "gnu++0x";
				CLANG_CXX_LIBRARY = "libc++";
				CLANG_ENABLE_MODULES = YES;
				CLANG_ENABLE_OBJC_ARC = YES;
				CLANG_WARN_BOOL_CONVERSION = YES;
				CLANG_WARN_CONSTANT_CONVERSION = YES;
				CLANG_WARN_DIRECT_OBJC_ISA_USAGE = YES_ERROR;
				CLANG_WARN_EMPTY_BODY = YES;
				CLANG_WARN_ENUM_CONVERSION = YES;
				CLANG_WARN_INT_CONVERSION = YES;
				CLANG_WARN_OBJC_ROOT_CLASS = YES_ERROR;
				CLANG_WARN_UNREACHABLE_CODE = YES;
				CLANG_WARN__DUPLICATE_METHOD_MATCH = YES;
				"CODE_SIGN_IDENTITY[sdk=iphoneos*]" = "iPhone Developer";
				COPY_PHASE_STRIP = NO;
				DEBUG_INFORMATION_FORMAT = "dwarf-with-dsym";
				ENABLE_NS_ASSERTIONS = NO;
				ENABLE_STRICT_OBJC_MSGSEND = YES;
				GCC_C_LANGUAGE_STANDARD = gnu99;
				GCC_NO_COMMON_BLOCKS = YES;
				GCC_WARN_64_TO_32_BIT_CONVERSION = YES;
				GCC_WARN_ABOUT_RETURN_TYPE = YES_ERROR;
				GCC_WARN_UNDECLARED_SELECTOR = YES;
				GCC_WARN_UNINITIALIZED_AUTOS = YES_AGGRESSIVE;
				GCC_WARN_UNUSED_FUNCTION = YES;
				GCC_WARN_UNUSED_VARIABLE = YES;
				IPHONEOS_DEPLOYMENT_TARGET = 9.2;
				MTL_ENABLE_DEBUG_INFO = NO;
				SDKROOT = iphoneos;
				VALIDATE_PRODUCT = YES;
			};
			name = Release;
		};
		7FB6881B1CC8723F00C82CC1 /* Debug */ = {
			isa = XCBuildConfiguration;
			buildSettings = {
				ASSETCATALOG_COMPILER_APPICON_NAME = AppIcon;
				CODE_SIGN_IDENTITY = "iPhone Developer";
				"CODE_SIGN_IDENTITY[sdk=iphoneos*]" = "iPhone Developer";
				INFOPLIST_FILE = CIS55Lab1C_MatthewTso/Info.plist;
				LD_RUNPATH_SEARCH_PATHS = "$(inherited) @executable_path/Frameworks";
				PRODUCT_BUNDLE_IDENTIFIER = "edu.deanza.mtso.CIS55Lab1C-MatthewTso";
				PRODUCT_NAME = "$(TARGET_NAME)";
				PROVISIONING_PROFILE = "";
			};
			name = Debug;
		};
		7FB6881C1CC8723F00C82CC1 /* Release */ = {
			isa = XCBuildConfiguration;
			buildSettings = {
				ASSETCATALOG_COMPILER_APPICON_NAME = AppIcon;
				CODE_SIGN_IDENTITY = "iPhone Developer";
				"CODE_SIGN_IDENTITY[sdk=iphoneos*]" = "iPhone Developer";
				INFOPLIST_FILE = CIS55Lab1C_MatthewTso/Info.plist;
				LD_RUNPATH_SEARCH_PATHS = "$(inherited) @executable_path/Frameworks";
				PRODUCT_BUNDLE_IDENTIFIER = "edu.deanza.mtso.CIS55Lab1C-MatthewTso";
				PRODUCT_NAME = "$(TARGET_NAME)";
				PROVISIONING_PROFILE = "";
			};
			name = Release;
		};
/* End XCBuildConfiguration section */

/* Begin XCConfigurationList section */
		7FB688031CC8723F00C82CC1 /* Build configuration list for PBXProject "CIS55Lab1C_MatthewTso" */ = {
			isa = XCConfigurationList;
			buildConfigurations = (
				7FB688181CC8723F00C82CC1 /* Debug */,
				7FB688191CC8723F00C82CC1 /* Release */,
			);
			defaultConfigurationIsVisible = 0;
			defaultConfigurationName = Release;
		};
		7FB6881A1CC8723F00C82CC1 /* Build configuration list for PBXNativeTarget "CIS55Lab1C_MatthewTso" */ = {
			isa = XCConfigurationList;
			buildConfigurations = (
				7FB6881B1CC8723F00C82CC1 /* Debug */,
				7FB6881C1CC8723F00C82CC1 /* Release */,
			);
			defaultConfigurationIsVisible = 0;
			defaultConfigurationName = Release;
		};
/* End XCConfigurationList section */
	};
	rootObject = 7FB688001CC8723F00C82CC1 /* Project object */;
}
