// !$*UTF8*$!
{
	archiveVersion = 1;
	classes = {
	};
	objectVersion = 46;
	objects = {

/* Begin PBXBuildFile section */
		7F4285CA1CDB08E900C79114 /* AppDelegate.swift in Sources */ = {isa = PBXBuildFile; fileRef = 7F4285C91CDB08E900C79114 /* AppDelegate.swift */; };
		7F4285CF1CDB08E900C79114 /* Main.storyboard in Resources */ = {isa = PBXBuildFile; fileRef = 7F4285CD1CDB08E900C79114 /* Main.storyboard */; };
		7F4285D11CDB08E900C79114 /* Assets.xcassets in Resources */ = {isa = PBXBuildFile; fileRef = 7F4285D01CDB08E900C79114 /* Assets.xcassets */; };
		7F4285D41CDB08E900C79114 /* LaunchScreen.storyboard in Resources */ = {isa = PBXBuildFile; fileRef = 7F4285D21CDB08E900C79114 /* LaunchScreen.storyboard */; };
		7FCF6DF81CFD110900ED0EE9 /* AddItemViewController.swift in Sources */ = {isa = PBXBuildFile; fileRef = 7FCF6DF71CFD110900ED0EE9 /* AddItemViewController.swift */; };
		7FF52C601CDC82E2003A725B /* ListTableViewController.swift in Sources */ = {isa = PBXBuildFile; fileRef = 7FF52C5F1CDC82E2003A725B /* ListTableViewController.swift */; };
		7FF52C621CDC841C003A725B /* ChocolateEntry.swift in Sources */ = {isa = PBXBuildFile; fileRef = 7FF52C611CDC841C003A725B /* ChocolateEntry.swift */; };
		7FF52C641CDC86FB003A725B /* ListTableViewCell.swift in Sources */ = {isa = PBXBuildFile; fileRef = 7FF52C631CDC86FB003A725B /* ListTableViewCell.swift */; };
		7FF52C661CDC98AB003A725B /* DetailTableViewController.swift in Sources */ = {isa = PBXBuildFile; fileRef = 7FF52C651CDC98AB003A725B /* DetailTableViewController.swift */; };
		7FF52C681CDCA0ED003A725B /* DetailTableViewCell.swift in Sources */ = {isa = PBXBuildFile; fileRef = 7FF52C671CDCA0ED003A725B /* DetailTableViewCell.swift */; };
		7FF52C6A1CDCA526003A725B /* DetailImageTableViewCell.swift in Sources */ = {isa = PBXBuildFile; fileRef = 7FF52C691CDCA526003A725B /* DetailImageTableViewCell.swift */; };
		7FF52C6C1CDD37E7003A725B /* AboutViewController.swift in Sources */ = {isa = PBXBuildFile; fileRef = 7FF52C6B1CDD37E6003A725B /* AboutViewController.swift */; };
/* End PBXBuildFile section */

/* Begin PBXFileReference section */
		7F4285C61CDB08E900C79114 /* ListViewApp_matthewtso.app */ = {isa = PBXFileReference; explicitFileType = wrapper.application; includeInIndex = 0; path = ListViewApp_matthewtso.app; sourceTree = BUILT_PRODUCTS_DIR; };
		7F4285C91CDB08E900C79114 /* AppDelegate.swift */ = {isa = PBXFileReference; lastKnownFileType = sourcecode.swift; path = AppDelegate.swift; sourceTree = "<group>"; };
		7F4285CE1CDB08E900C79114 /* Base */ = {isa = PBXFileReference; lastKnownFileType = file.storyboard; name = Base; path = Base.lproj/Main.storyboard; sourceTree = "<group>"; };
		7F4285D01CDB08E900C79114 /* Assets.xcassets */ = {isa = PBXFileReference; lastKnownFileType = folder.assetcatalog; path = Assets.xcassets; sourceTree = "<group>"; };
		7F4285D31CDB08E900C79114 /* Base */ = {isa = PBXFileReference; lastKnownFileType = file.storyboard; name = Base; path = Base.lproj/LaunchScreen.storyboard; sourceTree = "<group>"; };
		7F4285D51CDB08E900C79114 /* Info.plist */ = {isa = PBXFileReference; lastKnownFileType = text.plist.xml; path = Info.plist; sourceTree = "<group>"; };
		7FCF6DF71CFD110900ED0EE9 /* AddItemViewController.swift */ = {isa = PBXFileReference; fileEncoding = 4; lastKnownFileType = sourcecode.swift; path = AddItemViewController.swift; sourceTree = "<group>"; };
		7FF52C5F1CDC82E2003A725B /* ListTableViewController.swift */ = {isa = PBXFileReference; fileEncoding = 4; lastKnownFileType = sourcecode.swift; path = ListTableViewController.swift; sourceTree = "<group>"; };
		7FF52C611CDC841C003A725B /* ChocolateEntry.swift */ = {isa = PBXFileReference; fileEncoding = 4; lastKnownFileType = sourcecode.swift; path = ChocolateEntry.swift; sourceTree = "<group>"; };
		7FF52C631CDC86FB003A725B /* ListTableViewCell.swift */ = {isa = PBXFileReference; fileEncoding = 4; lastKnownFileType = sourcecode.swift; path = ListTableViewCell.swift; sourceTree = "<group>"; };
		7FF52C651CDC98AB003A725B /* DetailTableViewController.swift */ = {isa = PBXFileReference; fileEncoding = 4; lastKnownFileType = sourcecode.swift; path = DetailTableViewController.swift; sourceTree = "<group>"; };
		7FF52C671CDCA0ED003A725B /* DetailTableViewCell.swift */ = {isa = PBXFileReference; fileEncoding = 4; lastKnownFileType = sourcecode.swift; path = DetailTableViewCell.swift; sourceTree = "<group>"; };
		7FF52C691CDCA526003A725B /* DetailImageTableViewCell.swift */ = {isa = PBXFileReference; fileEncoding = 4; lastKnownFileType = sourcecode.swift; path = DetailImageTableViewCell.swift; sourceTree = "<group>"; };
		7FF52C6B1CDD37E6003A725B /* AboutViewController.swift */ = {isa = PBXFileReference; fileEncoding = 4; lastKnownFileType = sourcecode.swift; path = AboutViewController.swift; sourceTree = "<group>"; };
/* End PBXFileReference section */

/* Begin PBXFrameworksBuildPhase section */
		7F4285C31CDB08E900C79114 /* Frameworks */ = {
			isa = PBXFrameworksBuildPhase;
			buildActionMask = 2147483647;
			files = (
			);
			runOnlyForDeploymentPostprocessing = 0;
		};
/* End PBXFrameworksBuildPhase section */

/* Begin PBXGroup section */
		7F4285BD1CDB08E900C79114 = {
			isa = PBXGroup;
			children = (
				7F4285C81CDB08E900C79114 /* ListViewApp_matthewtso */,
				7F4285C71CDB08E900C79114 /* Products */,
			);
			sourceTree = "<group>";
		};
		7F4285C71CDB08E900C79114 /* Products */ = {
			isa = PBXGroup;
			children = (
				7F4285C61CDB08E900C79114 /* ListViewApp_matthewtso.app */,
			);
			name = Products;
			sourceTree = "<group>";
		};
		7F4285C81CDB08E900C79114 /* ListViewApp_matthewtso */ = {
			isa = PBXGroup;
			children = (
				7F4285C91CDB08E900C79114 /* AppDelegate.swift */,
				7FF52C5F1CDC82E2003A725B /* ListTableViewController.swift */,
				7FF52C631CDC86FB003A725B /* ListTableViewCell.swift */,
				7FCF6DF71CFD110900ED0EE9 /* AddItemViewController.swift */,
				7FF52C651CDC98AB003A725B /* DetailTableViewController.swift */,
				7FF52C671CDCA0ED003A725B /* DetailTableViewCell.swift */,
				7FF52C691CDCA526003A725B /* DetailImageTableViewCell.swift */,
				7FF52C6B1CDD37E6003A725B /* AboutViewController.swift */,
				7FF52C611CDC841C003A725B /* ChocolateEntry.swift */,
				7F4285CD1CDB08E900C79114 /* Main.storyboard */,
				7F4285D01CDB08E900C79114 /* Assets.xcassets */,
				7F4285D21CDB08E900C79114 /* LaunchScreen.storyboard */,
				7F4285D51CDB08E900C79114 /* Info.plist */,
			);
			path = ListViewApp_matthewtso;
			sourceTree = "<group>";
		};
/* End PBXGroup section */

/* Begin PBXNativeTarget section */
		7F4285C51CDB08E900C79114 /* ListViewApp_matthewtso */ = {
			isa = PBXNativeTarget;
			buildConfigurationList = 7F4285D81CDB08E900C79114 /* Build configuration list for PBXNativeTarget "ListViewApp_matthewtso" */;
			buildPhases = (
				7F4285C21CDB08E900C79114 /* Sources */,
				7F4285C31CDB08E900C79114 /* Frameworks */,
				7F4285C41CDB08E900C79114 /* Resources */,
			);
			buildRules = (
			);
			dependencies = (
			);
			name = ListViewApp_matthewtso;
			productName = ListViewApp_matthewtso;
			productReference = 7F4285C61CDB08E900C79114 /* ListViewApp_matthewtso.app */;
			productType = "com.apple.product-type.application";
		};
/* End PBXNativeTarget section */

/* Begin PBXProject section */
		7F4285BE1CDB08E900C79114 /* Project object */ = {
			isa = PBXProject;
			attributes = {
				LastSwiftUpdateCheck = 0720;
				LastUpgradeCheck = 0720;
				ORGANIZATIONNAME = "De Anza";
				TargetAttributes = {
					7F4285C51CDB08E900C79114 = {
						CreatedOnToolsVersion = 7.2;
					};
				};
			};
			buildConfigurationList = 7F4285C11CDB08E900C79114 /* Build configuration list for PBXProject "ListViewApp_matthewtso" */;
			compatibilityVersion = "Xcode 3.2";
			developmentRegion = English;
			hasScannedForEncodings = 0;
			knownRegions = (
				en,
				Base,
			);
			mainGroup = 7F4285BD1CDB08E900C79114;
			productRefGroup = 7F4285C71CDB08E900C79114 /* Products */;
			projectDirPath = "";
			projectRoot = "";
			targets = (
				7F4285C51CDB08E900C79114 /* ListViewApp_matthewtso */,
			);
		};
/* End PBXProject section */

/* Begin PBXResourcesBuildPhase section */
		7F4285C41CDB08E900C79114 /* Resources */ = {
			isa = PBXResourcesBuildPhase;
			buildActionMask = 2147483647;
			files = (
				7F4285D41CDB08E900C79114 /* LaunchScreen.storyboard in Resources */,
				7F4285D11CDB08E900C79114 /* Assets.xcassets in Resources */,
				7F4285CF1CDB08E900C79114 /* Main.storyboard in Resources */,
			);
			runOnlyForDeploymentPostprocessing = 0;
		};
/* End PBXResourcesBuildPhase section */

/* Begin PBXSourcesBuildPhase section */
		7F4285C21CDB08E900C79114 /* Sources */ = {
			isa = PBXSourcesBuildPhase;
			buildActionMask = 2147483647;
			files = (
				7FF52C681CDCA0ED003A725B /* DetailTableViewCell.swift in Sources */,
				7F4285CA1CDB08E900C79114 /* AppDelegate.swift in Sources */,
				7FF52C661CDC98AB003A725B /* DetailTableViewController.swift in Sources */,
				7FF52C6A1CDCA526003A725B /* DetailImageTableViewCell.swift in Sources */,
				7FF52C641CDC86FB003A725B /* ListTableViewCell.swift in Sources */,
				7FCF6DF81CFD110900ED0EE9 /* AddItemViewController.swift in Sources */,
				7FF52C621CDC841C003A725B /* ChocolateEntry.swift in Sources */,
				7FF52C6C1CDD37E7003A725B /* AboutViewController.swift in Sources */,
				7FF52C601CDC82E2003A725B /* ListTableViewController.swift in Sources */,
			);
			runOnlyForDeploymentPostprocessing = 0;
		};
/* End PBXSourcesBuildPhase section */

/* Begin PBXVariantGroup section */
		7F4285CD1CDB08E900C79114 /* Main.storyboard */ = {
			isa = PBXVariantGroup;
			children = (
				7F4285CE1CDB08E900C79114 /* Base */,
			);
			name = Main.storyboard;
			sourceTree = "<group>";
		};
		7F4285D21CDB08E900C79114 /* LaunchScreen.storyboard */ = {
			isa = PBXVariantGroup;
			children = (
				7F4285D31CDB08E900C79114 /* Base */,
			);
			name = LaunchScreen.storyboard;
			sourceTree = "<group>";
		};
/* End PBXVariantGroup section */

/* Begin XCBuildConfiguration section */
		7F4285D61CDB08E900C79114 /* Debug */ = {
			isa = XCBuildConfiguration;
			buildSettings = {
				ALWAYS_SEARCH_USER_PATHS = NO;
				CLANG_CXX_LANGUAGE_STANDARD = "gnu++0x";
				CLANG_CXX_LIBRARY = "libc++";
				CLANG_ENABLE_MODULES = YES;
				CLANG_ENABLE_OBJC_ARC = YES;
				CLANG_WARN_BOOL_CONVERSION = YES;
				CLANG_WARN_CONSTANT_CONVERSION = YES;
				CLANG_WARN_DIRECT_OBJC_ISA_USAGE = YES_ERROR;
				CLANG_WARN_EMPTY_BODY = YES;
				CLANG_WARN_ENUM_CONVERSION = YES;
				CLANG_WARN_INT_CONVERSION = YES;
				CLANG_WARN_OBJC_ROOT_CLASS = YES_ERROR;
				CLANG_WARN_UNREACHABLE_CODE = YES;
				CLANG_WARN__DUPLICATE_METHOD_MATCH = YES;
				"CODE_SIGN_IDENTITY[sdk=iphoneos*]" = "iPhone Developer";
				COPY_PHASE_STRIP = NO;
				DEBUG_INFORMATION_FORMAT = dwarf;
				ENABLE_STRICT_OBJC_MSGSEND = YES;
				ENABLE_TESTABILITY = YES;
				GCC_C_LANGUAGE_STANDARD = gnu99;
				GCC_DYNAMIC_NO_PIC = NO;
				GCC_NO_COMMON_BLOCKS = YES;
				GCC_OPTIMIZATION_LEVEL = 0;
				GCC_PREPROCESSOR_DEFINITIONS = (
					"DEBUG=1",
					"$(inherited)",
				);
				GCC_WARN_64_TO_32_BIT_CONVERSION = YES;
				GCC_WARN_ABOUT_RETURN_TYPE = YES_ERROR;
				GCC_WARN_UNDECLARED_SELECTOR = YES;
				GCC_WARN_UNINITIALIZED_AUTOS = YES_AGGRESSIVE;
				GCC_WARN_UNUSED_FUNCTION = YES;
				GCC_WARN_UNUSED_VARIABLE = YES;
				IPHONEOS_DEPLOYMENT_TARGET = 9.2;
				MTL_ENABLE_DEBUG_INFO = YES;
				ONLY_ACTIVE_ARCH = YES;
				SDKROOT = iphoneos;
				SWIFT_OPTIMIZATION_LEVEL = "-Onone";
			};
			name = Debug;
		};
		7F4285D71CDB08E900C79114 /* Release */ = {
			isa = XCBuildConfiguration;
			buildSettings = {
				ALWAYS_SEARCH_USER_PATHS = NO;
				CLANG_CXX_LANGUAGE_STANDARD = "gnu++0x";
				CLANG_CXX_LIBRARY = "libc++";
				CLANG_ENABLE_MODULES = YES;
				CLANG_ENABLE_OBJC_ARC = YES;
				CLANG_WARN_BOOL_CONVERSION = YES;
				CLANG_WARN_CONSTANT_CONVERSION = YES;
				CLANG_WARN_DIRECT_OBJC_ISA_USAGE = YES_ERROR;
				CLANG_WARN_EMPTY_BODY = YES;
				CLANG_WARN_ENUM_CONVERSION = YES;
				CLANG_WARN_INT_CONVERSION = YES;
				CLANG_WARN_OBJC_ROOT_CLASS = YES_ERROR;
				CLANG_WARN_UNREACHABLE_CODE = YES;
				CLANG_WARN__DUPLICATE_METHOD_MATCH = YES;
				"CODE_SIGN_IDENTITY[sdk=iphoneos*]" = "iPhone Developer";
				COPY_PHASE_STRIP = NO;
				DEBUG_INFORMATION_FORMAT = "dwarf-with-dsym";
				ENABLE_NS_ASSERTIONS = NO;
				ENABLE_STRICT_OBJC_MSGSEND = YES;
				GCC_C_LANGUAGE_STANDARD = gnu99;
				GCC_NO_COMMON_BLOCKS = YES;
				GCC_WARN_64_TO_32_BIT_CONVERSION = YES;
				GCC_WARN_ABOUT_RETURN_TYPE = YES_ERROR;
				GCC_WARN_UNDECLARED_SELECTOR = YES;
				GCC_WARN_UNINITIALIZED_AUTOS = YES_AGGRESSIVE;
				GCC_WARN_UNUSED_FUNCTION = YES;
				GCC_WARN_UNUSED_VARIABLE = YES;
				IPHONEOS_DEPLOYMENT_TARGET = 9.2;
				MTL_ENABLE_DEBUG_INFO = NO;
				SDKROOT = iphoneos;
				VALIDATE_PRODUCT = YES;
			};
			name = Release;
		};
		7F4285D91CDB08E900C79114 /* Debug */ = {
			isa = XCBuildConfiguration;
			buildSettings = {
				ASSETCATALOG_COMPILER_APPICON_NAME = AppIcon;
				INFOPLIST_FILE = ListViewApp_matthewtso/Info.plist;
				LD_RUNPATH_SEARCH_PATHS = "$(inherited) @executable_path/Frameworks";
				PRODUCT_BUNDLE_IDENTIFIER = "edu.deanza.mtso.ListViewApp-matthewtso";
				PRODUCT_NAME = "$(TARGET_NAME)";
			};
			name = Debug;
		};
		7F4285DA1CDB08E900C79114 /* Release */ = {
			isa = XCBuildConfiguration;
			buildSettings = {
				ASSETCATALOG_COMPILER_APPICON_NAME = AppIcon;
				INFOPLIST_FILE = ListViewApp_matthewtso/Info.plist;
				LD_RUNPATH_SEARCH_PATHS = "$(inherited) @executable_path/Frameworks";
				PRODUCT_BUNDLE_IDENTIFIER = "edu.deanza.mtso.ListViewApp-matthewtso";
				PRODUCT_NAME = "$(TARGET_NAME)";
			};
			name = Release;
		};
/* End XCBuildConfiguration section */

/* Begin XCConfigurationList section */
		7F4285C11CDB08E900C79114 /* Build configuration list for PBXProject "ListViewApp_matthewtso" */ = {
			isa = XCConfigurationList;
			buildConfigurations = (
				7F4285D61CDB08E900C79114 /* Debug */,
				7F4285D71CDB08E900C79114 /* Release */,
			);
			defaultConfigurationIsVisible = 0;
			defaultConfigurationName = Release;
		};
		7F4285D81CDB08E900C79114 /* Build configuration list for PBXNativeTarget "ListViewApp_matthewtso" */ = {
			isa = XCConfigurationList;
			buildConfigurations = (
				7F4285D91CDB08E900C79114 /* Debug */,
				7F4285DA1CDB08E900C79114 /* Release */,
			);
			defaultConfigurationIsVisible = 0;
			defaultConfigurationName = Release;
		};
/* End XCConfigurationList section */
	};
	rootObject = 7F4285BE1CDB08E900C79114 /* Project object */;
}
